
Microsoft Visual Studio Solution File, Format Version 12.00
# Visual Studio 14
VisualStudioVersion = 14.0.22609.0
MinimumVisualStudioVersion = 10.0.40219.1
Project("{FAE04EC0-301F-11D3-BF4B-00C04F79EFBC}") = "CIVerifications", "CIVerifications\CIVerifications.csproj", "{5B5D7490-DC74-4E7F-9CC5-899D49E397AC}"
EndProject
Project("{2150E333-8FDC-42A3-9474-1A3956D46DE8}") = ".nuget", ".nuget", "{1F8A3B10-F2E3-42FD-9C92-384CFB8FAD7C}"
	ProjectSection(SolutionItems) = preProject
		.nuget\packages.config = .nuget\packages.config
	EndProjectSection
EndProject
Project("{FAE04EC0-301F-11D3-BF4B-00C04F79EFBC}") = "Tests", "Tests\Tests.csproj", "{D0ADDC96-7707-4AB6-9412-A7FB20E4A3DF}"
EndProject
Global
	GlobalSection(SolutionConfigurationPlatforms) = preSolution
		Debug|Any CPU = Debug|Any CPU
		Release|Any CPU = Release|Any CPU
	EndGlobalSection
	GlobalSection(ProjectConfigurationPlatforms) = postSolution
		{5B5D7490-DC74-4E7F-9CC5-899D49E397AC}.Debug|Any CPU.ActiveCfg = Debug|Any CPU
		{5B5D7490-DC74-4E7F-9CC5-899D49E397AC}.Debug|Any CPU.Build.0 = Debug|Any CPU
		{5B5D7490-DC74-4E7F-9CC5-899D49E397AC}.Release|Any CPU.ActiveCfg = Release|Any CPU
		{5B5D7490-DC74-4E7F-9CC5-899D49E397AC}.Release|Any CPU.Build.0 = Release|Any CPU
		{D0ADDC96-7707-4AB6-9412-A7FB20E4A3DF}.Debug|Any CPU.ActiveCfg = Debug|Any CPU
		{D0ADDC96-7707-4AB6-9412-A7FB20E4A3DF}.Debug|Any CPU.Build.0 = Debug|Any CPU
		{D0ADDC96-7707-4AB6-9412-A7FB20E4A3DF}.Release|Any CPU.ActiveCfg = Release|Any CPU
		{D0ADDC96-7707-4AB6-9412-A7FB20E4A3DF}.Release|Any CPU.Build.0 = Release|Any CPU
	EndGlobalSection
	GlobalSection(SolutionProperties) = preSolution
		HideSolutionNode = FALSE
	EndGlobalSection
EndGlobal
